
Microsoft Visual Studio Solution File, Format Version 12.00
# Visual Studio Version 17
VisualStudioVersion = 17.8.34330.188
MinimumVisualStudioVersion = 10.0.40219.1
Project("{FAE04EC0-301F-11D3-BF4B-00C04F79EFBC}") = "C#-Basics-Conditionals", "C#-Basics-Conditionals.csproj", "{B6FFB49E-4E23-4562-B920-FE5E67EE179D}"
EndProject
Global
	GlobalSection(SolutionConfigurationPlatforms) = preSolution
		Debug|Any CPU = Debug|Any CPU
		Release|Any CPU = Release|Any CPU
	EndGlobalSection
	GlobalSection(ProjectConfigurationPlatforms) = postSolution
		{B6FFB49E-4E23-4562-B920-FE5E67EE179D}.Debug|Any CPU.ActiveCfg = Debug|Any CPU
		{B6FFB49E-4E23-4562-B920-FE5E67EE179D}.Debug|Any CPU.Build.0 = Debug|Any CPU
		{B6FFB49E-4E23-4562-B920-FE5E67EE179D}.Release|Any CPU.ActiveCfg = Release|Any CPU
		{B6FFB49E-4E23-4562-B920-FE5E67EE179D}.Release|Any CPU.Build.0 = Release|Any CPU
	EndGlobalSection
	GlobalSection(SolutionProperties) = preSolution
		HideSolutionNode = FALSE
	EndGlobalSection
	GlobalSection(ExtensibilityGlobals) = postSolution
		SolutionGuid = {A0002148-A33E-47F2-AB18-C61DE7A24610}
	EndGlobalSection
EndGlobal
